
Microsoft Visual Studio Solution File, Format Version 12.00
# Visual Studio Version 17
VisualStudioVersion = 17.10.35004.147
MinimumVisualStudioVersion = 10.0.40219.1
Project("{FAE04EC0-301F-11D3-BF4B-00C04F79EFBC}") = "GrpcServer", "GrpcServer.csproj", "{5BED2DCA-0061-4036-BDA0-8E4C3D27038E}"
EndProject
Global
	GlobalSection(SolutionConfigurationPlatforms) = preSolution
		Debug|Any CPU = Debug|Any CPU
		Release|Any CPU = Release|Any CPU
	EndGlobalSection
	GlobalSection(ProjectConfigurationPlatforms) = postSolution
		{5BED2DCA-0061-4036-BDA0-8E4C3D27038E}.Debug|Any CPU.ActiveCfg = Debug|Any CPU
		{5BED2DCA-0061-4036-BDA0-8E4C3D27038E}.Debug|Any CPU.Build.0 = Debug|Any CPU
		{5BED2DCA-0061-4036-BDA0-8E4C3D27038E}.Release|Any CPU.ActiveCfg = Release|Any CPU
		{5BED2DCA-0061-4036-BDA0-8E4C3D27038E}.Release|Any CPU.Build.0 = Release|Any CPU
	EndGlobalSection
	GlobalSection(SolutionProperties) = preSolution
		HideSolutionNode = FALSE
	EndGlobalSection
	GlobalSection(ExtensibilityGlobals) = postSolution
		SolutionGuid = {BE26EE9F-E667-4A4D-B3EA-3638AABB3859}
	EndGlobalSection
EndGlobal
